{
  "nodes": {
    "babylon-node-nix": {
      "inputs": {
        "nixpkgs": "nixpkgs"
      },
      "locked": {
        "lastModified": 1726159941,
        "narHash": "sha256-FIinkVzlFQiYlxSFEkiEictNcsenWxN8AxZ/1f7lL7Y=",
        "owner": "Krulknul",
        "repo": "babylon-node-nix",
        "rev": "56a23cfc6a96ac149a8d4f510eeae8079755f106",
        "type": "github"
      },
      "original": {
        "owner": "Krulknul",
        "ref": "add-example-for-usage-with-the-colmena-deployment-tool",
        "repo": "babylon-node-nix",
        "type": "github"
      }
    },
    "nixpkgs": {
      "locked": {
        "lastModified": 1725634671,
        "narHash": "sha256-v3rIhsJBOMLR8e/RNWxr828tB+WywYIoajrZKFM+0Gg=",
        "owner": "NixOS",
        "repo": "nixpkgs",
        "rev": "574d1eac1c200690e27b8eb4e24887f8df7ac27c",
        "type": "github"
      },
      "original": {
        "id": "nixpkgs",
        "ref": "nixos-unstable",
        "type": "indirect"
      }
    },
    "nixpkgs_2": {
      "locked": {
        "lastModified": 1725930920,
        "narHash": "sha256-RVhD9hnlTT2nJzPHlAqrWqCkA7T6CYrP41IoVRkciZM=",
        "owner": "nixos",
        "repo": "nixpkgs",
        "rev": "44a71ff39c182edaf25a7ace5c9454e7cba2c658",
        "type": "github"
      },
      "original": {
        "owner": "nixos",
        "ref": "nixos-24.05",
        "repo": "nixpkgs",
        "type": "github"
      }
    },
    "root": {
      "inputs": {
        "babylon-node-nix": "babylon-node-nix",
        "nixpkgs": "nixpkgs_2"
      }
    }
  },
  "root": "root",
  "version": 7
}
